
Microsoft Visual Studio Solution File, Format Version 12.00
# Visual Studio 15
VisualStudioVersion = 15.0.28010.2019
MinimumVisualStudioVersion = 10.0.40219.1
Project("{FAE04EC0-301F-11D3-BF4B-00C04F79EFBC}") = "Alford_Craig", "Alford_Craig\Alford_Craig.csproj", "{7CF79E05-E147-41E3-9783-4C606E28EE68}"
EndProject
Global
	GlobalSection(SolutionConfigurationPlatforms) = preSolution
		Debug|Any CPU = Debug|Any CPU
		Release|Any CPU = Release|Any CPU
	EndGlobalSection
	GlobalSection(ProjectConfigurationPlatforms) = postSolution
		{7CF79E05-E147-41E3-9783-4C606E28EE68}.Debug|Any CPU.ActiveCfg = Debug|Any CPU
		{7CF79E05-E147-41E3-9783-4C606E28EE68}.Debug|Any CPU.Build.0 = Debug|Any CPU
		{7CF79E05-E147-41E3-9783-4C606E28EE68}.Release|Any CPU.ActiveCfg = Release|Any CPU
		{7CF79E05-E147-41E3-9783-4C606E28EE68}.Release|Any CPU.Build.0 = Release|Any CPU
	EndGlobalSection
	GlobalSection(SolutionProperties) = preSolution
		HideSolutionNode = FALSE
	EndGlobalSection
	GlobalSection(ExtensibilityGlobals) = postSolution
		SolutionGuid = {9B2D4D90-F1AA-4409-B9F8-D16989D7C2B5}
	EndGlobalSection
EndGlobal
